
Microsoft Visual Studio Solution File, Format Version 12.00
# Visual Studio Version 16
VisualStudioVersion = 16.0.30114.105
MinimumVisualStudioVersion = 10.0.40219.1
Project("{9A19103F-16F7-4668-BE54-9A1E7A4F7556}") = "PubSub", "PubSub\PubSub.csproj", "{DE60C2D8-3630-418D-ACE4-AB471551E287}"
EndProject
Project("{9A19103F-16F7-4668-BE54-9A1E7A4F7556}") = "PubSubUsage", "PubSubUsage\PubSubUsage.csproj", "{5D8AB0EE-6E0A-4B51-9C3F-C7FC21D8583C}"
EndProject
Project("{FAE04EC0-301F-11D3-BF4B-00C04F79EFBC}") = "PubSubTests", "PubSubTests\PubSubTests.csproj", "{C98578BA-89C5-48C2-89B1-E046E81D2D3B}"
EndProject
Global
	GlobalSection(SolutionConfigurationPlatforms) = preSolution
		Debug|Any CPU = Debug|Any CPU
		Release|Any CPU = Release|Any CPU
	EndGlobalSection
	GlobalSection(ProjectConfigurationPlatforms) = postSolution
		{DE60C2D8-3630-418D-ACE4-AB471551E287}.Debug|Any CPU.ActiveCfg = Debug|Any CPU
		{DE60C2D8-3630-418D-ACE4-AB471551E287}.Debug|Any CPU.Build.0 = Debug|Any CPU
		{DE60C2D8-3630-418D-ACE4-AB471551E287}.Release|Any CPU.ActiveCfg = Release|Any CPU
		{DE60C2D8-3630-418D-ACE4-AB471551E287}.Release|Any CPU.Build.0 = Release|Any CPU
		{5D8AB0EE-6E0A-4B51-9C3F-C7FC21D8583C}.Debug|Any CPU.ActiveCfg = Debug|Any CPU
		{5D8AB0EE-6E0A-4B51-9C3F-C7FC21D8583C}.Debug|Any CPU.Build.0 = Debug|Any CPU
		{5D8AB0EE-6E0A-4B51-9C3F-C7FC21D8583C}.Release|Any CPU.ActiveCfg = Release|Any CPU
		{5D8AB0EE-6E0A-4B51-9C3F-C7FC21D8583C}.Release|Any CPU.Build.0 = Release|Any CPU
		{C98578BA-89C5-48C2-89B1-E046E81D2D3B}.Debug|Any CPU.ActiveCfg = Debug|Any CPU
		{C98578BA-89C5-48C2-89B1-E046E81D2D3B}.Debug|Any CPU.Build.0 = Debug|Any CPU
		{C98578BA-89C5-48C2-89B1-E046E81D2D3B}.Release|Any CPU.ActiveCfg = Release|Any CPU
		{C98578BA-89C5-48C2-89B1-E046E81D2D3B}.Release|Any CPU.Build.0 = Release|Any CPU
	EndGlobalSection
	GlobalSection(SolutionProperties) = preSolution
		HideSolutionNode = FALSE
	EndGlobalSection
	GlobalSection(ExtensibilityGlobals) = postSolution
		SolutionGuid = {B2561998-065C-4238-B414-48A523B1AA57}
	EndGlobalSection
EndGlobal
